PODS:
  - CryptoSwift (0.9.0)
  - WibmoPaySDK (0.1.3):
    - CryptoSwift (~> 0.9.0)

DEPENDENCIES:
  - WibmoPaySDK

SPEC REPOS:
  https://github.com/cocoapods/specs.git:
    - CryptoSwift
    - WibmoPaySDK

SPEC CHECKSUMS:
  CryptoSwift: bca8c5b653dcc2d9734409242a070ff53bafac86
  WibmoPaySDK: 26f9e4876d2d4f7039d9cf983c940396269dc6b2

PODFILE CHECKSUM: 9dcb3faf8ece9609724d14f9a8f07ab3580fa2be

COCOAPODS: 1.5.2
